# THIS IS AN AUTOGENERATED FILE. DO NOT EDIT THIS FILE DIRECTLY.
# yarn lockfile v1


react-native-image-picker@^2.3.1:
  version "2.3.4"
  resolved "https://registry.yarnpkg.com/react-native-image-picker/-/react-native-image-picker-2.3.4.tgz#1c31dbe9872ade17e2ed6457b0c669d63c322590"
  integrity sha512-4UHu+zOyDT570r5mIbjH6h1iMrKIq/qfsKiAVUEZwncVegh0usJiEYNyJw4CEVwNeehmye/ia5sLDsa+kzIE4g==
